{
  "name": "check_webhook_events_duplicated",
  "version": "1.0.0",
  "lockfileVersion": 3,
  "requires": true,
  "packages": {
    "": {
      "name": "check_webhook_events_duplicated",
      "version": "1.0.0",
      "license": "ISC",
      "dependencies": {
        "@aws-sdk/util-dynamodb": "^3.602.0",
        "csv-parse": "^5.5.6",
        "pn-common": "file:../pn-common"
      }
    },
    "../pn-common": {
      "version": "1.0.0",
      "license": "ISC",
      "dependencies": {
        "@aws-sdk/client-athena": "^3.729.0",
        "@aws-sdk/client-cloudformation": "^3.729.0",
        "@aws-sdk/client-cloudwatch": "^3.729.0",
        "@aws-sdk/client-cloudwatch-logs": "^3.729.0",
        "@aws-sdk/client-dynamodb": "^3.729.0",
        "@aws-sdk/client-ec2": "^3.729.0",
        "@aws-sdk/client-ecs": "^3.729.0",
        "@aws-sdk/client-eventbridge": "^3.729.0",
        "@aws-sdk/client-kinesis": "^3.729.0",
        "@aws-sdk/client-kms": "^3.729.0",
        "@aws-sdk/client-lambda": "^3.729.0",
        "@aws-sdk/client-s3": "^3.729.0",
        "@aws-sdk/client-sqs": "^3.729.0",
        "@aws-sdk/client-ssm": "^3.729.0",
        "@aws-sdk/client-sts": "^3.729.0",
        "@aws-sdk/credential-provider-ini": "^3.729.0",
        "@aws-sdk/util-dynamodb": "^3.729.0",
        "csv-parse": "^5.5.6"
      }
    },
    "node_modules/@aws-sdk/util-dynamodb": {
      "version": "3.602.0",
      "license": "Apache-2.0",
      "dependencies": {
        "tslib": "^2.6.2"
      },
      "engines": {
        "node": ">=16.0.0"
      },
      "peerDependencies": {
        "@aws-sdk/client-dynamodb": "^3.602.0"
      }
    },
    "node_modules/csv-parse": {
      "version": "5.5.6",
      "resolved": "https://registry.npmjs.org/csv-parse/-/csv-parse-5.5.6.tgz",
      "integrity": "sha512-uNpm30m/AGSkLxxy7d9yRXpJQFrZzVWLFBkS+6ngPcZkw/5k3L/jjFuj7tVnEpRn+QgmiXr21nDlhCiUK4ij2A=="
    },
    "node_modules/pn-common": {
      "resolved": "../pn-common",
      "link": true
    },
    "node_modules/tslib": {
      "version": "2.6.3",
      "resolved": "https://registry.npmjs.org/tslib/-/tslib-2.6.3.tgz",
      "integrity": "sha512-xNvxJEOUiWPGhUuUdQgAJPKOOJfGnIyKySOc09XkKsgdUV/3E2zvwZYdejjmRgPCgcym1juLH3226yA7sEFJKQ=="
    }
  }
}
