{
  "name": "delete_item_from_DynamoDB_table",
  "version": "1.0.0",
  "lockfileVersion": 3,
  "requires": true,
  "packages": {
    "": {
      "name": "delete_item_from_DynamoDB_table",
      "version": "1.0.0",
      "dependencies": {
        "pn-common": "file:../pn-common"
      }
    },
    "../pn-common": {
      "version": "1.0.0",
      "license": "ISC",
      "dependencies": {
        "@aws-sdk/client-cloudformation": "^3.658.0",
        "@aws-sdk/client-cloudwatch": "^3.709.0",
        "@aws-sdk/client-cloudwatch-logs": "^3.614.0",
        "@aws-sdk/client-dynamodb": "^3.602.0",
        "@aws-sdk/client-ecs": "^3.731.1",
        "@aws-sdk/client-eventbridge": "^3.614.0",
        "@aws-sdk/client-kinesis": "^3.614.0",
        "@aws-sdk/client-kms": "^3.670.0",
        "@aws-sdk/client-lambda": "^3.670.0",
        "@aws-sdk/client-s3": "^3.645.0",
        "@aws-sdk/client-sqs": "^3.600.0",
        "@aws-sdk/client-sts": "^3.675.0",
        "@aws-sdk/credential-provider-ini": "^3.598.0",
        "@aws-sdk/util-dynamodb": "^3.602.0",
        "csv-parse": "^5.5.6"
      }
    },
    "node_modules/pn-common": {
      "resolved": "../pn-common",
      "link": true
    }
  }
}
