{
  "name": "manage-request-status",
  "version": "1.0.0",
  "lockfileVersion": 3,
  "requires": true,
  "packages": {
    "": {
      "name": "manage-request-status",
      "version": "1.0.0",
      "dependencies": {
        "csv-stringify": "^6.0.0",
        "pn-common": "file:../../pn-common"
      },
      "engines": {
        "node": ">=16.0.0"
      }
    },
    "../../pn-common": {},
    "node_modules/csv-stringify": {
      "version": "6.5.2",
      "resolved": "https://registry.npmjs.org/csv-stringify/-/csv-stringify-6.5.2.tgz",
      "integrity": "sha512-RFPahj0sXcmUyjrObAK+DOWtMvMIFV328n4qZJhgX3x2RqkQgOTU2mCUmiFR0CzM6AzChlRSUErjiJeEt8BaQA==",
      "license": "MIT"
    },
    "node_modules/pn-common": {
      "resolved": "../../pn-common",
      "link": true
    }
  }
}
