{
    "name": "manage-request-status",
    "version": "1.0.0",
    "lockfileVersion": 3,
    "requires": true,
    "packages": {
        "": {
            "name": "manage-request-status",
            "version": "1.0.0",
            "license": "ISC",
            "dependencies": {
                "csv-parse": "^5.5.0",
                "csv-stringify": "^6.4.4",
                "pn-common": "file:../pn-common/"
            },
            "engines": {
                "node": ">=18.0.0"
            }
        },
        "../pn-common": {
            "version": "1.0.0",
            "license": "ISC",
            "dependencies": {
                "@aws-sdk/client-athena": "^3.750.0",
                "@aws-sdk/client-cloudformation": "^3.658.0",
                "@aws-sdk/client-cloudwatch": "^3.709.0",
                "@aws-sdk/client-cloudwatch-logs": "^3.614.0",
                "@aws-sdk/client-dynamodb": "^3.602.0",
                "@aws-sdk/client-ec2": "^3.731.1",
                "@aws-sdk/client-ecs": "^3.731.1",
                "@aws-sdk/client-eventbridge": "^3.614.0",
                "@aws-sdk/client-kinesis": "^3.614.0",
                "@aws-sdk/client-kms": "^3.670.0",
                "@aws-sdk/client-lambda": "^3.670.0",
                "@aws-sdk/client-s3": "^3.645.0",
                "@aws-sdk/client-sqs": "^3.600.0",
                "@aws-sdk/client-ssm": "^3.777.0",
                "@aws-sdk/client-sts": "^3.675.0",
                "@aws-sdk/credential-provider-ini": "^3.598.0",
                "@aws-sdk/util-dynamodb": "^3.602.0",
                "csv-parse": "^5.5.6"
            }
        },
        "node_modules/csv-parse": {
            "version": "5.6.0",
            "resolved": "https://registry.npmjs.org/csv-parse/-/csv-parse-5.6.0.tgz",
            "integrity": "sha512-l3nz3euub2QMg5ouu5U09Ew9Wf6/wQ8I++ch1loQ0ljmzhmfZYrH9fflS22i/PQEvsPvxCwxgz5q7UB8K1JO4Q==",
            "license": "MIT"
        },
        "node_modules/csv-stringify": {
            "version": "6.5.2",
            "resolved": "https://registry.npmjs.org/csv-stringify/-/csv-stringify-6.5.2.tgz",
            "integrity": "sha512-RFPahj0sXcmUyjrObAK+DOWtMvMIFV328n4qZJhgX3x2RqkQgOTU2mCUmiFR0CzM6AzChlRSUErjiJeEt8BaQA==",
            "license": "MIT"
        },
        "node_modules/pn-common": {
            "resolved": "../pn-common",
            "link": true
        }
    }
}
